// !$*UTF8*$!
{
	archiveVersion = 1;
	classes = {
	};
	objectVersion = 46;
	objects = {

/* Begin PBXBuildFile section */
		3F4F5D5D1CF600CD00516831 /* EventSearchModel.swift in Sources */ = {isa = PBXBuildFile; fileRef = 3F4F5D5C1CF600CD00516831 /* EventSearchModel.swift */; };
		3F4F5D5F1CF64ECB00516831 /* GalleryViewController.swift in Sources */ = {isa = PBXBuildFile; fileRef = 3F4F5D5E1CF64ECB00516831 /* GalleryViewController.swift */; };
		3F4F5D611CF6556600516831 /* GalleryPhotoCell.swift in Sources */ = {isa = PBXBuildFile; fileRef = 3F4F5D601CF6556600516831 /* GalleryPhotoCell.swift */; };
		3F4F5D641CF6634C00516831 /* SingleEventViewModel.swift in Sources */ = {isa = PBXBuildFile; fileRef = 3F4F5D631CF6634C00516831 /* SingleEventViewModel.swift */; };
		3F94B7131C1A9B0C00A99677 /* AppDelegate.swift in Sources */ = {isa = PBXBuildFile; fileRef = 3F94B7121C1A9B0C00A99677 /* AppDelegate.swift */; };
		3F94B7151C1A9B0C00A99677 /* ViewController.swift in Sources */ = {isa = PBXBuildFile; fileRef = 3F94B7141C1A9B0C00A99677 /* ViewController.swift */; };
		3F94B7181C1A9B0C00A99677 /* Main.storyboard in Resources */ = {isa = PBXBuildFile; fileRef = 3F94B7161C1A9B0C00A99677 /* Main.storyboard */; };
		3F94B71A1C1A9B0C00A99677 /* Assets.xcassets in Resources */ = {isa = PBXBuildFile; fileRef = 3F94B7191C1A9B0C00A99677 /* Assets.xcassets */; };
		3F94B71D1C1A9B0C00A99677 /* LaunchScreen.storyboard in Resources */ = {isa = PBXBuildFile; fileRef = 3F94B71B1C1A9B0C00A99677 /* LaunchScreen.storyboard */; };
		3F94B7281C1A9B0C00A99677 /* DropEventTests.swift in Sources */ = {isa = PBXBuildFile; fileRef = 3F94B7271C1A9B0C00A99677 /* DropEventTests.swift */; };
		3F94B7331C1A9B0C00A99677 /* DropEventUITests.swift in Sources */ = {isa = PBXBuildFile; fileRef = 3F94B7321C1A9B0C00A99677 /* DropEventUITests.swift */; };
		8824711F1C2C97D60035C12C /* EventModel+JSON.swift in Sources */ = {isa = PBXBuildFile; fileRef = 8824711E1C2C97D60035C12C /* EventModel+JSON.swift */; };
		882471221C2C98330035C12C /* EventFolderModel+JSON.swift in Sources */ = {isa = PBXBuildFile; fileRef = 882471211C2C98330035C12C /* EventFolderModel+JSON.swift */; };
		882471241C2C98440035C12C /* EventPhotoModel+JSON.swift in Sources */ = {isa = PBXBuildFile; fileRef = 882471231C2C98440035C12C /* EventPhotoModel+JSON.swift */; };
		8850FC3E1C475DB800BBF33F /* LoginViewController.swift in Sources */ = {isa = PBXBuildFile; fileRef = 8850FC3D1C475DB800BBF33F /* LoginViewController.swift */; };
		8850FC401C475DC200BBF33F /* LoginViewModel.swift in Sources */ = {isa = PBXBuildFile; fileRef = 8850FC3F1C475DC200BBF33F /* LoginViewModel.swift */; };
		889554091C7C2D29006F754B /* NetWorking.swift in Sources */ = {isa = PBXBuildFile; fileRef = 889554081C7C2D29006F754B /* NetWorking.swift */; };
		8895540B1C7C33CC006F754B /* RootViewManagement.swift in Sources */ = {isa = PBXBuildFile; fileRef = 8895540A1C7C33CC006F754B /* RootViewManagement.swift */; };
		8895540D1C7D6D11006F754B /* SimpleEventCollectionViewCell.swift in Sources */ = {isa = PBXBuildFile; fileRef = 8895540C1C7D6D11006F754B /* SimpleEventCollectionViewCell.swift */; };
		88B28BCD1C69979400DB8C30 /* EventsViewModel.swift in Sources */ = {isa = PBXBuildFile; fileRef = 88B28BCC1C69979400DB8C30 /* EventsViewModel.swift */; };
		88B28BD31C699A8500DB8C30 /* SearchEventsTableViewController.swift in Sources */ = {isa = PBXBuildFile; fileRef = 88B28BD21C699A8500DB8C30 /* SearchEventsTableViewController.swift */; };
		88B28BD51C699A9A00DB8C30 /* EventsCollectionViewController.swift in Sources */ = {isa = PBXBuildFile; fileRef = 88B28BD41C699A9A00DB8C30 /* EventsCollectionViewController.swift */; };
		88B28BD71C699AA700DB8C30 /* SearchEventsViewModel.swift in Sources */ = {isa = PBXBuildFile; fileRef = 88B28BD61C699AA700DB8C30 /* SearchEventsViewModel.swift */; };
		88B28BDA1C699BC100DB8C30 /* SearchResultTableViewCell.swift in Sources */ = {isa = PBXBuildFile; fileRef = 88B28BD91C699BC100DB8C30 /* SearchResultTableViewCell.swift */; };
		88C1AFBE1C8293D500C670D0 /* DBManager.swift in Sources */ = {isa = PBXBuildFile; fileRef = 88C1AFBD1C8293D500C670D0 /* DBManager.swift */; };
		88DA92EA1C97D4D40006A897 /* GCDKit.framework in Frameworks */ = {isa = PBXBuildFile; fileRef = 88DA92E91C97D4D40006A897 /* GCDKit.framework */; };
		88DA92EC1C97D4DE0006A897 /* CoreStore.framework in Frameworks */ = {isa = PBXBuildFile; fileRef = 88DA92EB1C97D4DE0006A897 /* CoreStore.framework */; };
		88E3098A1C82A67200A3441B /* RxSwift.framework in Frameworks */ = {isa = PBXBuildFile; fileRef = 882471291C2C99E60035C12C /* RxSwift.framework */; };
		88E3098B1C82A68100A3441B /* RxCocoa.framework in Frameworks */ = {isa = PBXBuildFile; fileRef = 882471271C2C99E60035C12C /* RxCocoa.framework */; };
		88E3098C1C82A69600A3441B /* RxMoya.framework in Frameworks */ = {isa = PBXBuildFile; fileRef = 882471281C2C99E60035C12C /* RxMoya.framework */; };
		88E3098D1C82A6A800A3441B /* Moya.framework in Frameworks */ = {isa = PBXBuildFile; fileRef = 882471261C2C99E60035C12C /* Moya.framework */; };
		88E3098F1C82A7F900A3441B /* NetworkLogger.swift in Sources */ = {isa = PBXBuildFile; fileRef = 88E3098E1C82A7F900A3441B /* NetworkLogger.swift */; };
		88E309921C82B00100A3441B /* SwiftyJSON.framework in Frameworks */ = {isa = PBXBuildFile; fileRef = 8824712A1C2C99E60035C12C /* SwiftyJSON.framework */; };
		88E309931C82B04B00A3441B /* Alamofire.framework in Frameworks */ = {isa = PBXBuildFile; fileRef = 882471251C2C99E60035C12C /* Alamofire.framework */; };
		88E309951C82B1F500A3441B /* ReactiveCocoa.framework in Frameworks */ = {isa = PBXBuildFile; fileRef = 88E309941C82B1F500A3441B /* ReactiveCocoa.framework */; };
		88E309971C82B23400A3441B /* Result.framework in Frameworks */ = {isa = PBXBuildFile; fileRef = 88E309961C82B23400A3441B /* Result.framework */; };
		88E309991C82B26600A3441B /* RxBlocking.framework in Frameworks */ = {isa = PBXBuildFile; fileRef = 88E309981C82B26600A3441B /* RxBlocking.framework */; };
		88E3099B1C82B74200A3441B /* UserDBModel+Fetch.swift in Sources */ = {isa = PBXBuildFile; fileRef = 88E3099A1C82B74200A3441B /* UserDBModel+Fetch.swift */; };
		88E309A21C855FDE00A3441B /* EventPhotoModel+CoreDataProperties.swift in Sources */ = {isa = PBXBuildFile; fileRef = 88E3099C1C855FDD00A3441B /* EventPhotoModel+CoreDataProperties.swift */; };
		88E309A31C855FDE00A3441B /* EventPhotoModel.swift in Sources */ = {isa = PBXBuildFile; fileRef = 88E3099D1C855FDE00A3441B /* EventPhotoModel.swift */; };
		88E309A41C855FDE00A3441B /* EventModel+CoreDataProperties.swift in Sources */ = {isa = PBXBuildFile; fileRef = 88E3099E1C855FDE00A3441B /* EventModel+CoreDataProperties.swift */; };
		88E309A51C855FDE00A3441B /* EventModel.swift in Sources */ = {isa = PBXBuildFile; fileRef = 88E3099F1C855FDE00A3441B /* EventModel.swift */; };
		88E309A61C855FDE00A3441B /* EventFolderModel+CoreDataProperties.swift in Sources */ = {isa = PBXBuildFile; fileRef = 88E309A01C855FDE00A3441B /* EventFolderModel+CoreDataProperties.swift */; };
		88E309A71C855FDE00A3441B /* EventFolderModel.swift in Sources */ = {isa = PBXBuildFile; fileRef = 88E309A11C855FDE00A3441B /* EventFolderModel.swift */; };
		88E421731C2D064D00D4C626 /* Kingfisher.framework in Frameworks */ = {isa = PBXBuildFile; fileRef = 88E421721C2D064D00D4C626 /* Kingfisher.framework */; };
		88FEC5181C4C4B6B002FB58E /* DropEventAPI.swift in Sources */ = {isa = PBXBuildFile; fileRef = 88FEC5171C4C4B6B002FB58E /* DropEventAPI.swift */; };
		88FFFCDC1C4F316F00515B90 /* CoreDataStack.swift in Sources */ = {isa = PBXBuildFile; fileRef = 88FFFCDB1C4F316F00515B90 /* CoreDataStack.swift */; };
		88FFFCDF1C4F36EC00515B90 /* DropEventModel.xcdatamodeld in Sources */ = {isa = PBXBuildFile; fileRef = 88FFFCDD1C4F36EC00515B90 /* DropEventModel.xcdatamodeld */; };
		88FFFCEC1C4F419B00515B90 /* UserDBModel+CoreDataProperties.swift in Sources */ = {isa = PBXBuildFile; fileRef = 88FFFCEA1C4F419B00515B90 /* UserDBModel+CoreDataProperties.swift */; };
		88FFFCED1C4F419B00515B90 /* UserDBModel.swift in Sources */ = {isa = PBXBuildFile; fileRef = 88FFFCEB1C4F419B00515B90 /* UserDBModel.swift */; };
/* End PBXBuildFile section */

/* Begin PBXContainerItemProxy section */
		3F94B7241C1A9B0C00A99677 /* PBXContainerItemProxy */ = {
			isa = PBXContainerItemProxy;
			containerPortal = 3F94B7071C1A9B0C00A99677 /* Project object */;
			proxyType = 1;
			remoteGlobalIDString = 3F94B70E1C1A9B0C00A99677;
			remoteInfo = DropEvent;
		};
		3F94B72F1C1A9B0C00A99677 /* PBXContainerItemProxy */ = {
			isa = PBXContainerItemProxy;
			containerPortal = 3F94B7071C1A9B0C00A99677 /* Project object */;
			proxyType = 1;
			remoteGlobalIDString = 3F94B70E1C1A9B0C00A99677;
			remoteInfo = DropEvent;
		};
/* End PBXContainerItemProxy section */

/* Begin PBXFileReference section */
		3F4F5D5C1CF600CD00516831 /* EventSearchModel.swift */ = {isa = PBXFileReference; fileEncoding = 4; lastKnownFileType = sourcecode.swift; path = EventSearchModel.swift; sourceTree = "<group>"; };
		3F4F5D5E1CF64ECB00516831 /* GalleryViewController.swift */ = {isa = PBXFileReference; fileEncoding = 4; lastKnownFileType = sourcecode.swift; path = GalleryViewController.swift; sourceTree = "<group>"; };
		3F4F5D601CF6556600516831 /* GalleryPhotoCell.swift */ = {isa = PBXFileReference; fileEncoding = 4; lastKnownFileType = sourcecode.swift; path = GalleryPhotoCell.swift; sourceTree = "<group>"; };
		3F4F5D631CF6634C00516831 /* SingleEventViewModel.swift */ = {isa = PBXFileReference; fileEncoding = 4; lastKnownFileType = sourcecode.swift; path = SingleEventViewModel.swift; sourceTree = "<group>"; };
		3F94B70F1C1A9B0C00A99677 /* DropEvent.app */ = {isa = PBXFileReference; explicitFileType = wrapper.application; includeInIndex = 0; path = DropEvent.app; sourceTree = BUILT_PRODUCTS_DIR; };
		3F94B7121C1A9B0C00A99677 /* AppDelegate.swift */ = {isa = PBXFileReference; lastKnownFileType = sourcecode.swift; path = AppDelegate.swift; sourceTree = "<group>"; };
		3F94B7141C1A9B0C00A99677 /* ViewController.swift */ = {isa = PBXFileReference; lastKnownFileType = sourcecode.swift; path = ViewController.swift; sourceTree = "<group>"; };
		3F94B7171C1A9B0C00A99677 /* Base */ = {isa = PBXFileReference; lastKnownFileType = file.storyboard; name = Base; path = Base.lproj/Main.storyboard; sourceTree = "<group>"; };
		3F94B7191C1A9B0C00A99677 /* Assets.xcassets */ = {isa = PBXFileReference; lastKnownFileType = folder.assetcatalog; path = Assets.xcassets; sourceTree = "<group>"; };
		3F94B71C1C1A9B0C00A99677 /* Base */ = {isa = PBXFileReference; lastKnownFileType = file.storyboard; name = Base; path = Base.lproj/LaunchScreen.storyboard; sourceTree = "<group>"; };
		3F94B71E1C1A9B0C00A99677 /* Info.plist */ = {isa = PBXFileReference; lastKnownFileType = text.plist.xml; path = Info.plist; sourceTree = "<group>"; };
		3F94B7231C1A9B0C00A99677 /* DropEventTests.xctest */ = {isa = PBXFileReference; explicitFileType = wrapper.cfbundle; includeInIndex = 0; path = DropEventTests.xctest; sourceTree = BUILT_PRODUCTS_DIR; };
		3F94B7271C1A9B0C00A99677 /* DropEventTests.swift */ = {isa = PBXFileReference; lastKnownFileType = sourcecode.swift; path = DropEventTests.swift; sourceTree = "<group>"; };
		3F94B7291C1A9B0C00A99677 /* Info.plist */ = {isa = PBXFileReference; lastKnownFileType = text.plist.xml; path = Info.plist; sourceTree = "<group>"; };
		3F94B72E1C1A9B0C00A99677 /* DropEventUITests.xctest */ = {isa = PBXFileReference; explicitFileType = wrapper.cfbundle; includeInIndex = 0; path = DropEventUITests.xctest; sourceTree = BUILT_PRODUCTS_DIR; };
		3F94B7321C1A9B0C00A99677 /* DropEventUITests.swift */ = {isa = PBXFileReference; lastKnownFileType = sourcecode.swift; path = DropEventUITests.swift; sourceTree = "<group>"; };
		3F94B7341C1A9B0C00A99677 /* Info.plist */ = {isa = PBXFileReference; lastKnownFileType = text.plist.xml; path = Info.plist; sourceTree = "<group>"; };
		8824711E1C2C97D60035C12C /* EventModel+JSON.swift */ = {isa = PBXFileReference; fileEncoding = 4; lastKnownFileType = sourcecode.swift; path = "EventModel+JSON.swift"; sourceTree = "<group>"; };
		882471211C2C98330035C12C /* EventFolderModel+JSON.swift */ = {isa = PBXFileReference; fileEncoding = 4; lastKnownFileType = sourcecode.swift; path = "EventFolderModel+JSON.swift"; sourceTree = "<group>"; };
		882471231C2C98440035C12C /* EventPhotoModel+JSON.swift */ = {isa = PBXFileReference; fileEncoding = 4; lastKnownFileType = sourcecode.swift; path = "EventPhotoModel+JSON.swift"; sourceTree = "<group>"; };
		882471251C2C99E60035C12C /* Alamofire.framework */ = {isa = PBXFileReference; lastKnownFileType = wrapper.framework; name = Alamofire.framework; path = Carthage/Build/iOS/Alamofire.framework; sourceTree = "<group>"; };
		882471261C2C99E60035C12C /* Moya.framework */ = {isa = PBXFileReference; lastKnownFileType = wrapper.framework; name = Moya.framework; path = Carthage/Build/iOS/Moya.framework; sourceTree = "<group>"; };
		882471271C2C99E60035C12C /* RxCocoa.framework */ = {isa = PBXFileReference; lastKnownFileType = wrapper.framework; name = RxCocoa.framework; path = Carthage/Build/iOS/RxCocoa.framework; sourceTree = "<group>"; };
		882471281C2C99E60035C12C /* RxMoya.framework */ = {isa = PBXFileReference; lastKnownFileType = wrapper.framework; name = RxMoya.framework; path = Carthage/Build/iOS/RxMoya.framework; sourceTree = "<group>"; };
		882471291C2C99E60035C12C /* RxSwift.framework */ = {isa = PBXFileReference; lastKnownFileType = wrapper.framework; name = RxSwift.framework; path = Carthage/Build/iOS/RxSwift.framework; sourceTree = "<group>"; };
		8824712A1C2C99E60035C12C /* SwiftyJSON.framework */ = {isa = PBXFileReference; lastKnownFileType = wrapper.framework; name = SwiftyJSON.framework; path = Carthage/Build/iOS/SwiftyJSON.framework; sourceTree = "<group>"; };
		8850FC3D1C475DB800BBF33F /* LoginViewController.swift */ = {isa = PBXFileReference; fileEncoding = 4; lastKnownFileType = sourcecode.swift; path = LoginViewController.swift; sourceTree = "<group>"; };
		8850FC3F1C475DC200BBF33F /* LoginViewModel.swift */ = {isa = PBXFileReference; fileEncoding = 4; lastKnownFileType = sourcecode.swift; path = LoginViewModel.swift; sourceTree = "<group>"; };
		889554081C7C2D29006F754B /* NetWorking.swift */ = {isa = PBXFileReference; fileEncoding = 4; lastKnownFileType = sourcecode.swift; path = NetWorking.swift; sourceTree = "<group>"; };
		8895540A1C7C33CC006F754B /* RootViewManagement.swift */ = {isa = PBXFileReference; fileEncoding = 4; lastKnownFileType = sourcecode.swift; name = RootViewManagement.swift; path = ../RootViewManagement.swift; sourceTree = "<group>"; };
		8895540C1C7D6D11006F754B /* SimpleEventCollectionViewCell.swift */ = {isa = PBXFileReference; fileEncoding = 4; lastKnownFileType = sourcecode.swift; path = SimpleEventCollectionViewCell.swift; sourceTree = "<group>"; };
		88B28BCC1C69979400DB8C30 /* EventsViewModel.swift */ = {isa = PBXFileReference; fileEncoding = 4; lastKnownFileType = sourcecode.swift; path = EventsViewModel.swift; sourceTree = "<group>"; };
		88B28BD21C699A8500DB8C30 /* SearchEventsTableViewController.swift */ = {isa = PBXFileReference; fileEncoding = 4; lastKnownFileType = sourcecode.swift; path = SearchEventsTableViewController.swift; sourceTree = "<group>"; };
		88B28BD41C699A9A00DB8C30 /* EventsCollectionViewController.swift */ = {isa = PBXFileReference; fileEncoding = 4; lastKnownFileType = sourcecode.swift; path = EventsCollectionViewController.swift; sourceTree = "<group>"; };
		88B28BD61C699AA700DB8C30 /* SearchEventsViewModel.swift */ = {isa = PBXFileReference; fileEncoding = 4; lastKnownFileType = sourcecode.swift; path = SearchEventsViewModel.swift; sourceTree = "<group>"; };
		88B28BD91C699BC100DB8C30 /* SearchResultTableViewCell.swift */ = {isa = PBXFileReference; fileEncoding = 4; lastKnownFileType = sourcecode.swift; path = SearchResultTableViewCell.swift; sourceTree = "<group>"; };
		88C1AFBD1C8293D500C670D0 /* DBManager.swift */ = {isa = PBXFileReference; fileEncoding = 4; lastKnownFileType = sourcecode.swift; path = DBManager.swift; sourceTree = "<group>"; };
		88DA92E91C97D4D40006A897 /* GCDKit.framework */ = {isa = PBXFileReference; lastKnownFileType = wrapper.framework; name = GCDKit.framework; path = Carthage/Build/iOS/GCDKit.framework; sourceTree = "<group>"; };
		88DA92EB1C97D4DE0006A897 /* CoreStore.framework */ = {isa = PBXFileReference; lastKnownFileType = wrapper.framework; name = CoreStore.framework; path = Carthage/Build/iOS/CoreStore.framework; sourceTree = "<group>"; };
		88E3098E1C82A7F900A3441B /* NetworkLogger.swift */ = {isa = PBXFileReference; fileEncoding = 4; lastKnownFileType = sourcecode.swift; path = NetworkLogger.swift; sourceTree = "<group>"; };
		88E309941C82B1F500A3441B /* ReactiveCocoa.framework */ = {isa = PBXFileReference; lastKnownFileType = wrapper.framework; name = ReactiveCocoa.framework; path = Carthage/Build/iOS/ReactiveCocoa.framework; sourceTree = "<group>"; };
		88E309961C82B23400A3441B /* Result.framework */ = {isa = PBXFileReference; lastKnownFileType = wrapper.framework; name = Result.framework; path = Carthage/Build/iOS/Result.framework; sourceTree = "<group>"; };
		88E309981C82B26600A3441B /* RxBlocking.framework */ = {isa = PBXFileReference; lastKnownFileType = wrapper.framework; name = RxBlocking.framework; path = Carthage/Build/iOS/RxBlocking.framework; sourceTree = "<group>"; };
		88E3099A1C82B74200A3441B /* UserDBModel+Fetch.swift */ = {isa = PBXFileReference; fileEncoding = 4; lastKnownFileType = sourcecode.swift; path = "UserDBModel+Fetch.swift"; sourceTree = "<group>"; };
		88E3099C1C855FDD00A3441B /* EventPhotoModel+CoreDataProperties.swift */ = {isa = PBXFileReference; fileEncoding = 4; lastKnownFileType = sourcecode.swift; path = "EventPhotoModel+CoreDataProperties.swift"; sourceTree = "<group>"; };
		88E3099D1C855FDE00A3441B /* EventPhotoModel.swift */ = {isa = PBXFileReference; fileEncoding = 4; lastKnownFileType = sourcecode.swift; path = EventPhotoModel.swift; sourceTree = "<group>"; };
		88E3099E1C855FDE00A3441B /* EventModel+CoreDataProperties.swift */ = {isa = PBXFileReference; fileEncoding = 4; lastKnownFileType = sourcecode.swift; path = "EventModel+CoreDataProperties.swift"; sourceTree = "<group>"; };
		88E3099F1C855FDE00A3441B /* EventModel.swift */ = {isa = PBXFileReference; fileEncoding = 4; lastKnownFileType = sourcecode.swift; path = EventModel.swift; sourceTree = "<group>"; };
		88E309A01C855FDE00A3441B /* EventFolderModel+CoreDataProperties.swift */ = {isa = PBXFileReference; fileEncoding = 4; lastKnownFileType = sourcecode.swift; path = "EventFolderModel+CoreDataProperties.swift"; sourceTree = "<group>"; };
		88E309A11C855FDE00A3441B /* EventFolderModel.swift */ = {isa = PBXFileReference; fileEncoding = 4; lastKnownFileType = sourcecode.swift; path = EventFolderModel.swift; sourceTree = "<group>"; };
		88E421721C2D064D00D4C626 /* Kingfisher.framework */ = {isa = PBXFileReference; lastKnownFileType = wrapper.framework; name = Kingfisher.framework; path = Carthage/Build/iOS/Kingfisher.framework; sourceTree = "<group>"; };
		88FEC5171C4C4B6B002FB58E /* DropEventAPI.swift */ = {isa = PBXFileReference; fileEncoding = 4; lastKnownFileType = sourcecode.swift; path = DropEventAPI.swift; sourceTree = "<group>"; };
		88FFFCDB1C4F316F00515B90 /* CoreDataStack.swift */ = {isa = PBXFileReference; fileEncoding = 4; lastKnownFileType = sourcecode.swift; path = CoreDataStack.swift; sourceTree = "<group>"; };
		88FFFCDE1C4F36EC00515B90 /* DropEventModel.xcdatamodel */ = {isa = PBXFileReference; lastKnownFileType = wrapper.xcdatamodel; path = DropEventModel.xcdatamodel; sourceTree = "<group>"; };
		88FFFCEA1C4F419B00515B90 /* UserDBModel+CoreDataProperties.swift */ = {isa = PBXFileReference; fileEncoding = 4; lastKnownFileType = sourcecode.swift; path = "UserDBModel+CoreDataProperties.swift"; sourceTree = "<group>"; };
		88FFFCEB1C4F419B00515B90 /* UserDBModel.swift */ = {isa = PBXFileReference; fileEncoding = 4; lastKnownFileType = sourcecode.swift; path = UserDBModel.swift; sourceTree = "<group>"; };
/* End PBXFileReference section */

/* Begin PBXFrameworksBuildPhase section */
		3F94B70C1C1A9B0C00A99677 /* Frameworks */ = {
			isa = PBXFrameworksBuildPhase;
			buildActionMask = 2147483647;
			files = (
				88DA92EC1C97D4DE0006A897 /* CoreStore.framework in Frameworks */,
				88DA92EA1C97D4D40006A897 /* GCDKit.framework in Frameworks */,
				88E309991C82B26600A3441B /* RxBlocking.framework in Frameworks */,
				88E309971C82B23400A3441B /* Result.framework in Frameworks */,
				88E309951C82B1F500A3441B /* ReactiveCocoa.framework in Frameworks */,
				88E309931C82B04B00A3441B /* Alamofire.framework in Frameworks */,
				88E309921C82B00100A3441B /* SwiftyJSON.framework in Frameworks */,
				88E3098D1C82A6A800A3441B /* Moya.framework in Frameworks */,
				88E3098C1C82A69600A3441B /* RxMoya.framework in Frameworks */,
				88E3098B1C82A68100A3441B /* RxCocoa.framework in Frameworks */,
				88E3098A1C82A67200A3441B /* RxSwift.framework in Frameworks */,
				88E421731C2D064D00D4C626 /* Kingfisher.framework in Frameworks */,
			);
			runOnlyForDeploymentPostprocessing = 0;
		};
		3F94B7201C1A9B0C00A99677 /* Frameworks */ = {
			isa = PBXFrameworksBuildPhase;
			buildActionMask = 2147483647;
			files = (
			);
			runOnlyForDeploymentPostprocessing = 0;
		};
		3F94B72B1C1A9B0C00A99677 /* Frameworks */ = {
			isa = PBXFrameworksBuildPhase;
			buildActionMask = 2147483647;
			files = (
			);
			runOnlyForDeploymentPostprocessing = 0;
		};
/* End PBXFrameworksBuildPhase section */

/* Begin PBXGroup section */
		3F4F5D621CF6632000516831 /* Show Views */ = {
			isa = PBXGroup;
			children = (
				3F4F5D5E1CF64ECB00516831 /* GalleryViewController.swift */,
				3F4F5D601CF6556600516831 /* GalleryPhotoCell.swift */,
				3F4F5D631CF6634C00516831 /* SingleEventViewModel.swift */,
			);
			name = "Show Views";
			sourceTree = "<group>";
		};
		3F94B7061C1A9B0C00A99677 = {
			isa = PBXGroup;
			children = (
				3F94B7111C1A9B0C00A99677 /* DropEvent */,
				3F94B7261C1A9B0C00A99677 /* DropEventTests */,
				3F94B7311C1A9B0C00A99677 /* DropEventUITests */,
				882471311C2C99EE0035C12C /* Frameworks */,
				3F94B7101C1A9B0C00A99677 /* Products */,
			);
			sourceTree = "<group>";
		};
		3F94B7101C1A9B0C00A99677 /* Products */ = {
			isa = PBXGroup;
			children = (
				3F94B70F1C1A9B0C00A99677 /* DropEvent.app */,
				3F94B7231C1A9B0C00A99677 /* DropEventTests.xctest */,
				3F94B72E1C1A9B0C00A99677 /* DropEventUITests.xctest */,
			);
			name = Products;
			sourceTree = "<group>";
		};
		3F94B7111C1A9B0C00A99677 /* DropEvent */ = {
			isa = PBXGroup;
			children = (
				882471341C2CAFCB0035C12C /* API */,
				8824711B1C2C937B0035C12C /* ViewControllers */,
				8824711A1C2C936F0035C12C /* Models */,
				3F94B7121C1A9B0C00A99677 /* AppDelegate.swift */,
				8895540A1C7C33CC006F754B /* RootViewManagement.swift */,
				3F94B7141C1A9B0C00A99677 /* ViewController.swift */,
				3F94B7161C1A9B0C00A99677 /* Main.storyboard */,
				3F94B7191C1A9B0C00A99677 /* Assets.xcassets */,
				3F94B71B1C1A9B0C00A99677 /* LaunchScreen.storyboard */,
				3F94B71E1C1A9B0C00A99677 /* Info.plist */,
				88FFFCDB1C4F316F00515B90 /* CoreDataStack.swift */,
				88C1AFBD1C8293D500C670D0 /* DBManager.swift */,
				88FFFCDD1C4F36EC00515B90 /* DropEventModel.xcdatamodeld */,
			);
			path = DropEvent;
			sourceTree = "<group>";
		};
		3F94B7261C1A9B0C00A99677 /* DropEventTests */ = {
			isa = PBXGroup;
			children = (
				3F94B7271C1A9B0C00A99677 /* DropEventTests.swift */,
				3F94B7291C1A9B0C00A99677 /* Info.plist */,
			);
			path = DropEventTests;
			sourceTree = "<group>";
		};
		3F94B7311C1A9B0C00A99677 /* DropEventUITests */ = {
			isa = PBXGroup;
			children = (
				3F94B7321C1A9B0C00A99677 /* DropEventUITests.swift */,
				3F94B7341C1A9B0C00A99677 /* Info.plist */,
			);
			path = DropEventUITests;
			sourceTree = "<group>";
		};
		8824711A1C2C936F0035C12C /* Models */ = {
			isa = PBXGroup;
			children = (
				882471331C2C9ABD0035C12C /* User Models */,
				882471201C2C98200035C12C /* Event Models */,
			);
			name = Models;
			sourceTree = "<group>";
		};
		8824711B1C2C937B0035C12C /* ViewControllers */ = {
			isa = PBXGroup;
			children = (
				88B28BC91C69975600DB8C30 /* Events */,
				8850FC3C1C475D9F00BBF33F /* Login */,
			);
			name = ViewControllers;
			sourceTree = "<group>";
		};
		882471201C2C98200035C12C /* Event Models */ = {
			isa = PBXGroup;
			children = (
				88E3099C1C855FDD00A3441B /* EventPhotoModel+CoreDataProperties.swift */,
				88E3099D1C855FDE00A3441B /* EventPhotoModel.swift */,
				882471231C2C98440035C12C /* EventPhotoModel+JSON.swift */,
				88E3099E1C855FDE00A3441B /* EventModel+CoreDataProperties.swift */,
				88E3099F1C855FDE00A3441B /* EventModel.swift */,
				8824711E1C2C97D60035C12C /* EventModel+JSON.swift */,
				88E309A01C855FDE00A3441B /* EventFolderModel+CoreDataProperties.swift */,
				88E309A11C855FDE00A3441B /* EventFolderModel.swift */,
				882471211C2C98330035C12C /* EventFolderModel+JSON.swift */,
				3F4F5D5C1CF600CD00516831 /* EventSearchModel.swift */,
			);
			name = "Event Models";
			sourceTree = "<group>";
		};
		882471311C2C99EE0035C12C /* Frameworks */ = {
			isa = PBXGroup;
			children = (
				88DA92EB1C97D4DE0006A897 /* CoreStore.framework */,
				88DA92E91C97D4D40006A897 /* GCDKit.framework */,
				88E309981C82B26600A3441B /* RxBlocking.framework */,
				88E309961C82B23400A3441B /* Result.framework */,
				88E309941C82B1F500A3441B /* ReactiveCocoa.framework */,
				88E421721C2D064D00D4C626 /* Kingfisher.framework */,
				882471251C2C99E60035C12C /* Alamofire.framework */,
				882471261C2C99E60035C12C /* Moya.framework */,
				882471271C2C99E60035C12C /* RxCocoa.framework */,
				882471281C2C99E60035C12C /* RxMoya.framework */,
				882471291C2C99E60035C12C /* RxSwift.framework */,
				8824712A1C2C99E60035C12C /* SwiftyJSON.framework */,
			);
			name = Frameworks;
			sourceTree = "<group>";
		};
		882471331C2C9ABD0035C12C /* User Models */ = {
			isa = PBXGroup;
			children = (
				88FFFCEA1C4F419B00515B90 /* UserDBModel+CoreDataProperties.swift */,
				88FFFCEB1C4F419B00515B90 /* UserDBModel.swift */,
				88E3099A1C82B74200A3441B /* UserDBModel+Fetch.swift */,
			);
			name = "User Models";
			sourceTree = "<group>";
		};
		882471341C2CAFCB0035C12C /* API */ = {
			isa = PBXGroup;
			children = (
				88FEC5171C4C4B6B002FB58E /* DropEventAPI.swift */,
				889554081C7C2D29006F754B /* NetWorking.swift */,
				88E3098E1C82A7F900A3441B /* NetworkLogger.swift */,
			);
			name = API;
			sourceTree = "<group>";
		};
		8850FC3C1C475D9F00BBF33F /* Login */ = {
			isa = PBXGroup;
			children = (
				8850FC3F1C475DC200BBF33F /* LoginViewModel.swift */,
				8850FC3D1C475DB800BBF33F /* LoginViewController.swift */,
			);
			name = Login;
			sourceTree = "<group>";
		};
		88B28BC91C69975600DB8C30 /* Events */ = {
			isa = PBXGroup;
			children = (
				88B28BCC1C69979400DB8C30 /* EventsViewModel.swift */,
				88B28BD41C699A9A00DB8C30 /* EventsCollectionViewController.swift */,
				8895540C1C7D6D11006F754B /* SimpleEventCollectionViewCell.swift */,
				3F4F5D621CF6632000516831 /* Show Views */,
				88B28BD81C699AAF00DB8C30 /* Search Events */,
			);
			name = Events;
			sourceTree = "<group>";
		};
		88B28BD81C699AAF00DB8C30 /* Search Events */ = {
			isa = PBXGroup;
			children = (
				88B28BD61C699AA700DB8C30 /* SearchEventsViewModel.swift */,
				88B28BD21C699A8500DB8C30 /* SearchEventsTableViewController.swift */,
				88B28BD91C699BC100DB8C30 /* SearchResultTableViewCell.swift */,
			);
			name = "Search Events";
			sourceTree = "<group>";
		};
/* End PBXGroup section */

/* Begin PBXNativeTarget section */
		3F94B70E1C1A9B0C00A99677 /* DropEvent */ = {
			isa = PBXNativeTarget;
			buildConfigurationList = 3F94B7371C1A9B0C00A99677 /* Build configuration list for PBXNativeTarget "DropEvent" */;
			buildPhases = (
				3F94B70B1C1A9B0C00A99677 /* Sources */,
				3F94B70C1C1A9B0C00A99677 /* Frameworks */,
				3F94B70D1C1A9B0C00A99677 /* Resources */,
				882471321C2C9A350035C12C /* ShellScript */,
			);
			buildRules = (
			);
			dependencies = (
			);
			name = DropEvent;
			productName = DropEvent;
			productReference = 3F94B70F1C1A9B0C00A99677 /* DropEvent.app */;
			productType = "com.apple.product-type.application";
		};
		3F94B7221C1A9B0C00A99677 /* DropEventTests */ = {
			isa = PBXNativeTarget;
			buildConfigurationList = 3F94B73A1C1A9B0C00A99677 /* Build configuration list for PBXNativeTarget "DropEventTests" */;
			buildPhases = (
				3F94B71F1C1A9B0C00A99677 /* Sources */,
				3F94B7201C1A9B0C00A99677 /* Frameworks */,
				3F94B7211C1A9B0C00A99677 /* Resources */,
			);
			buildRules = (
			);
			dependencies = (
				3F94B7251C1A9B0C00A99677 /* PBXTargetDependency */,
			);
			name = DropEventTests;
			productName = DropEventTests;
			productReference = 3F94B7231C1A9B0C00A99677 /* DropEventTests.xctest */;
			productType = "com.apple.product-type.bundle.unit-test";
		};
		3F94B72D1C1A9B0C00A99677 /* DropEventUITests */ = {
			isa = PBXNativeTarget;
			buildConfigurationList = 3F94B73D1C1A9B0C00A99677 /* Build configuration list for PBXNativeTarget "DropEventUITests" */;
			buildPhases = (
				3F94B72A1C1A9B0C00A99677 /* Sources */,
				3F94B72B1C1A9B0C00A99677 /* Frameworks */,
				3F94B72C1C1A9B0C00A99677 /* Resources */,
			);
			buildRules = (
			);
			dependencies = (
				3F94B7301C1A9B0C00A99677 /* PBXTargetDependency */,
			);
			name = DropEventUITests;
			productName = DropEventUITests;
			productReference = 3F94B72E1C1A9B0C00A99677 /* DropEventUITests.xctest */;
			productType = "com.apple.product-type.bundle.ui-testing";
		};
/* End PBXNativeTarget section */

/* Begin PBXProject section */
		3F94B7071C1A9B0C00A99677 /* Project object */ = {
			isa = PBXProject;
			attributes = {
				LastSwiftUpdateCheck = 0710;
				LastUpgradeCheck = 0710;
				ORGANIZATIONNAME = SamuraiCode;
				TargetAttributes = {
					3F94B70E1C1A9B0C00A99677 = {
						CreatedOnToolsVersion = 7.1.1;
					};
					3F94B7221C1A9B0C00A99677 = {
						CreatedOnToolsVersion = 7.1.1;
						TestTargetID = 3F94B70E1C1A9B0C00A99677;
					};
					3F94B72D1C1A9B0C00A99677 = {
						CreatedOnToolsVersion = 7.1.1;
						TestTargetID = 3F94B70E1C1A9B0C00A99677;
					};
				};
			};
			buildConfigurationList = 3F94B70A1C1A9B0C00A99677 /* Build configuration list for PBXProject "DropEvent" */;
			compatibilityVersion = "Xcode 3.2";
			developmentRegion = English;
			hasScannedForEncodings = 0;
			knownRegions = (
				en,
				Base,
			);
			mainGroup = 3F94B7061C1A9B0C00A99677;
			productRefGroup = 3F94B7101C1A9B0C00A99677 /* Products */;
			projectDirPath = "";
			projectRoot = "";
			targets = (
				3F94B70E1C1A9B0C00A99677 /* DropEvent */,
				3F94B7221C1A9B0C00A99677 /* DropEventTests */,
				3F94B72D1C1A9B0C00A99677 /* DropEventUITests */,
			);
		};
/* End PBXProject section */

/* Begin PBXResourcesBuildPhase section */
		3F94B70D1C1A9B0C00A99677 /* Resources */ = {
			isa = PBXResourcesBuildPhase;
			buildActionMask = 2147483647;
			files = (
				3F94B71D1C1A9B0C00A99677 /* LaunchScreen.storyboard in Resources */,
				3F94B71A1C1A9B0C00A99677 /* Assets.xcassets in Resources */,
				3F94B7181C1A9B0C00A99677 /* Main.storyboard in Resources */,
			);
			runOnlyForDeploymentPostprocessing = 0;
		};
		3F94B7211C1A9B0C00A99677 /* Resources */ = {
			isa = PBXResourcesBuildPhase;
			buildActionMask = 2147483647;
			files = (
			);
			runOnlyForDeploymentPostprocessing = 0;
		};
		3F94B72C1C1A9B0C00A99677 /* Resources */ = {
			isa = PBXResourcesBuildPhase;
			buildActionMask = 2147483647;
			files = (
			);
			runOnlyForDeploymentPostprocessing = 0;
		};
/* End PBXResourcesBuildPhase section */

/* Begin PBXShellScriptBuildPhase section */
		882471321C2C9A350035C12C /* ShellScript */ = {
			isa = PBXShellScriptBuildPhase;
			buildActionMask = 2147483647;
			files = (
			);
			inputPaths = (
				"$(SRCROOT)/Carthage/Build/iOS/Moya.framework",
				"$(SRCROOT)/Carthage/Build/iOS/RxCocoa.framework",
				"$(SRCROOT)/Carthage/Build/iOS/RxMoya.framework",
				"$(SRCROOT)/Carthage/Build/iOS/RxSwift.framework",
				"$(SRCROOT)/Carthage/Build/iOS/SwiftyJSON.framework",
				"$(SRCROOT)/Carthage/Build/iOS/Kingfisher.framework",
				"$(SRCROOT)/Carthage/Build/iOS/Alamofire.framework",
				"$(SRCROOT)/Carthage/Build/iOS/ReactiveCocoa.framework",
				"$(SRCROOT)/Carthage/Build/iOS/Result.framework",
				"$(SRCROOT)/Carthage/Build/iOS/RxBlocking.framework",
				"$(SRCROOT)/Carthage/Build/iOS/CoreStore.framework",
				"$(SRCROOT)/Carthage/Build/iOS/GCDKit.framework",
			);
			outputPaths = (
			);
			runOnlyForDeploymentPostprocessing = 0;
			shellPath = /bin/sh;
			shellScript = "/usr/local/bin/carthage copy-frameworks";
		};
/* End PBXShellScriptBuildPhase section */

/* Begin PBXSourcesBuildPhase section */
		3F94B70B1C1A9B0C00A99677 /* Sources */ = {
			isa = PBXSourcesBuildPhase;
			buildActionMask = 2147483647;
			files = (
				88E309A41C855FDE00A3441B /* EventModel+CoreDataProperties.swift in Sources */,
				882471221C2C98330035C12C /* EventFolderModel+JSON.swift in Sources */,
				88FEC5181C4C4B6B002FB58E /* DropEventAPI.swift in Sources */,
				889554091C7C2D29006F754B /* NetWorking.swift in Sources */,
				8895540D1C7D6D11006F754B /* SimpleEventCollectionViewCell.swift in Sources */,
				88E309A71C855FDE00A3441B /* EventFolderModel.swift in Sources */,
				88B28BD71C699AA700DB8C30 /* SearchEventsViewModel.swift in Sources */,
				3F94B7151C1A9B0C00A99677 /* ViewController.swift in Sources */,
				88B28BDA1C699BC100DB8C30 /* SearchResultTableViewCell.swift in Sources */,
				88FFFCDC1C4F316F00515B90 /* CoreDataStack.swift in Sources */,
				88FFFCED1C4F419B00515B90 /* UserDBModel.swift in Sources */,
				3F4F5D611CF6556600516831 /* GalleryPhotoCell.swift in Sources */,
				88E309A61C855FDE00A3441B /* EventFolderModel+CoreDataProperties.swift in Sources */,
				88FFFCEC1C4F419B00515B90 /* UserDBModel+CoreDataProperties.swift in Sources */,
				88FFFCDF1C4F36EC00515B90 /* DropEventModel.xcdatamodeld in Sources */,
				88E309A21C855FDE00A3441B /* EventPhotoModel+CoreDataProperties.swift in Sources */,
				882471241C2C98440035C12C /* EventPhotoModel+JSON.swift in Sources */,
				3F4F5D5D1CF600CD00516831 /* EventSearchModel.swift in Sources */,
				8895540B1C7C33CC006F754B /* RootViewManagement.swift in Sources */,
				88B28BCD1C69979400DB8C30 /* EventsViewModel.swift in Sources */,
				8850FC3E1C475DB800BBF33F /* LoginViewController.swift in Sources */,
				88B28BD51C699A9A00DB8C30 /* EventsCollectionViewController.swift in Sources */,
				88E309A31C855FDE00A3441B /* EventPhotoModel.swift in Sources */,
				3F4F5D5F1CF64ECB00516831 /* GalleryViewController.swift in Sources */,
				88E309A51C855FDE00A3441B /* EventModel.swift in Sources */,
				88B28BD31C699A8500DB8C30 /* SearchEventsTableViewController.swift in Sources */,
				8824711F1C2C97D60035C12C /* EventModel+JSON.swift in Sources */,
				3F94B7131C1A9B0C00A99677 /* AppDelegate.swift in Sources */,
				88E3098F1C82A7F900A3441B /* NetworkLogger.swift in Sources */,
				88E3099B1C82B74200A3441B /* UserDBModel+Fetch.swift in Sources */,
				3F4F5D641CF6634C00516831 /* SingleEventViewModel.swift in Sources */,
				8850FC401C475DC200BBF33F /* LoginViewModel.swift in Sources */,
				88C1AFBE1C8293D500C670D0 /* DBManager.swift in Sources */,
			);
			runOnlyForDeploymentPostprocessing = 0;
		};
		3F94B71F1C1A9B0C00A99677 /* Sources */ = {
			isa = PBXSourcesBuildPhase;
			buildActionMask = 2147483647;
			files = (
				3F94B7281C1A9B0C00A99677 /* DropEventTests.swift in Sources */,
			);
			runOnlyForDeploymentPostprocessing = 0;
		};
		3F94B72A1C1A9B0C00A99677 /* Sources */ = {
			isa = PBXSourcesBuildPhase;
			buildActionMask = 2147483647;
			files = (
				3F94B7331C1A9B0C00A99677 /* DropEventUITests.swift in Sources */,
			);
			runOnlyForDeploymentPostprocessing = 0;
		};
/* End PBXSourcesBuildPhase section */

/* Begin PBXTargetDependency section */
		3F94B7251C1A9B0C00A99677 /* PBXTargetDependency */ = {
			isa = PBXTargetDependency;
			target = 3F94B70E1C1A9B0C00A99677 /* DropEvent */;
			targetProxy = 3F94B7241C1A9B0C00A99677 /* PBXContainerItemProxy */;
		};
		3F94B7301C1A9B0C00A99677 /* PBXTargetDependency */ = {
			isa = PBXTargetDependency;
			target = 3F94B70E1C1A9B0C00A99677 /* DropEvent */;
			targetProxy = 3F94B72F1C1A9B0C00A99677 /* PBXContainerItemProxy */;
		};
/* End PBXTargetDependency section */

/* Begin PBXVariantGroup section */
		3F94B7161C1A9B0C00A99677 /* Main.storyboard */ = {
			isa = PBXVariantGroup;
			children = (
				3F94B7171C1A9B0C00A99677 /* Base */,
			);
			name = Main.storyboard;
			sourceTree = "<group>";
		};
		3F94B71B1C1A9B0C00A99677 /* LaunchScreen.storyboard */ = {
			isa = PBXVariantGroup;
			children = (
				3F94B71C1C1A9B0C00A99677 /* Base */,
			);
			name = LaunchScreen.storyboard;
			sourceTree = "<group>";
		};
/* End PBXVariantGroup section */

/* Begin XCBuildConfiguration section */
		3F94B7351C1A9B0C00A99677 /* Debug */ = {
			isa = XCBuildConfiguration;
			buildSettings = {
				ALWAYS_SEARCH_USER_PATHS = NO;
				CLANG_CXX_LANGUAGE_STANDARD = "gnu++0x";
				CLANG_CXX_LIBRARY = "libc++";
				CLANG_ENABLE_MODULES = YES;
				CLANG_ENABLE_OBJC_ARC = YES;
				CLANG_WARN_BOOL_CONVERSION = YES;
				CLANG_WARN_CONSTANT_CONVERSION = YES;
				CLANG_WARN_DIRECT_OBJC_ISA_USAGE = YES_ERROR;
				CLANG_WARN_EMPTY_BODY = YES;
				CLANG_WARN_ENUM_CONVERSION = YES;
				CLANG_WARN_INT_CONVERSION = YES;
				CLANG_WARN_OBJC_ROOT_CLASS = YES_ERROR;
				CLANG_WARN_UNREACHABLE_CODE = YES;
				CLANG_WARN__DUPLICATE_METHOD_MATCH = YES;
				"CODE_SIGN_IDENTITY[sdk=iphoneos*]" = "iPhone Developer";
				COPY_PHASE_STRIP = NO;
				DEBUG_INFORMATION_FORMAT = dwarf;
				ENABLE_STRICT_OBJC_MSGSEND = YES;
				ENABLE_TESTABILITY = YES;
				GCC_C_LANGUAGE_STANDARD = gnu99;
				GCC_DYNAMIC_NO_PIC = NO;
				GCC_NO_COMMON_BLOCKS = YES;
				GCC_OPTIMIZATION_LEVEL = 0;
				GCC_PREPROCESSOR_DEFINITIONS = (
					"DEBUG=1",
					"$(inherited)",
				);
				GCC_WARN_64_TO_32_BIT_CONVERSION = YES;
				GCC_WARN_ABOUT_RETURN_TYPE = YES_ERROR;
				GCC_WARN_UNDECLARED_SELECTOR = YES;
				GCC_WARN_UNINITIALIZED_AUTOS = YES_AGGRESSIVE;
				GCC_WARN_UNUSED_FUNCTION = YES;
				GCC_WARN_UNUSED_VARIABLE = YES;
				IPHONEOS_DEPLOYMENT_TARGET = 9.1;
				MTL_ENABLE_DEBUG_INFO = YES;
				ONLY_ACTIVE_ARCH = YES;
				SDKROOT = iphoneos;
				SWIFT_OPTIMIZATION_LEVEL = "-Onone";
				TARGETED_DEVICE_FAMILY = "1,2";
			};
			name = Debug;
		};
		3F94B7361C1A9B0C00A99677 /* Release */ = {
			isa = XCBuildConfiguration;
			buildSettings = {
				ALWAYS_SEARCH_USER_PATHS = NO;
				CLANG_CXX_LANGUAGE_STANDARD = "gnu++0x";
				CLANG_CXX_LIBRARY = "libc++";
				CLANG_ENABLE_MODULES = YES;
				CLANG_ENABLE_OBJC_ARC = YES;
				CLANG_WARN_BOOL_CONVERSION = YES;
				CLANG_WARN_CONSTANT_CONVERSION = YES;
				CLANG_WARN_DIRECT_OBJC_ISA_USAGE = YES_ERROR;
				CLANG_WARN_EMPTY_BODY = YES;
				CLANG_WARN_ENUM_CONVERSION = YES;
				CLANG_WARN_INT_CONVERSION = YES;
				CLANG_WARN_OBJC_ROOT_CLASS = YES_ERROR;
				CLANG_WARN_UNREACHABLE_CODE = YES;
				CLANG_WARN__DUPLICATE_METHOD_MATCH = YES;
				"CODE_SIGN_IDENTITY[sdk=iphoneos*]" = "iPhone Developer";
				COPY_PHASE_STRIP = NO;
				DEBUG_INFORMATION_FORMAT = "dwarf-with-dsym";
				ENABLE_NS_ASSERTIONS = NO;
				ENABLE_STRICT_OBJC_MSGSEND = YES;
				GCC_C_LANGUAGE_STANDARD = gnu99;
				GCC_NO_COMMON_BLOCKS = YES;
				GCC_WARN_64_TO_32_BIT_CONVERSION = YES;
				GCC_WARN_ABOUT_RETURN_TYPE = YES_ERROR;
				GCC_WARN_UNDECLARED_SELECTOR = YES;
				GCC_WARN_UNINITIALIZED_AUTOS = YES_AGGRESSIVE;
				GCC_WARN_UNUSED_FUNCTION = YES;
				GCC_WARN_UNUSED_VARIABLE = YES;
				IPHONEOS_DEPLOYMENT_TARGET = 9.1;
				MTL_ENABLE_DEBUG_INFO = NO;
				SDKROOT = iphoneos;
				TARGETED_DEVICE_FAMILY = "1,2";
				VALIDATE_PRODUCT = YES;
			};
			name = Release;
		};
		3F94B7381C1A9B0C00A99677 /* Debug */ = {
			isa = XCBuildConfiguration;
			buildSettings = {
				ASSETCATALOG_COMPILER_APPICON_NAME = AppIcon;
				FRAMEWORK_SEARCH_PATHS = (
					"$(inherited)",
					"$(PROJECT_DIR)/Carthage/Build/iOS",
				);
				INFOPLIST_FILE = DropEvent/Info.plist;
				IPHONEOS_DEPLOYMENT_TARGET = 9.0;
				LD_RUNPATH_SEARCH_PATHS = "$(inherited) @executable_path/Frameworks";
				PRODUCT_BUNDLE_IDENTIFIER = com.samuraicode.DropEvent;
				PRODUCT_NAME = "$(TARGET_NAME)";
			};
			name = Debug;
		};
		3F94B7391C1A9B0C00A99677 /* Release */ = {
			isa = XCBuildConfiguration;
			buildSettings = {
				ASSETCATALOG_COMPILER_APPICON_NAME = AppIcon;
				FRAMEWORK_SEARCH_PATHS = (
					"$(inherited)",
					"$(PROJECT_DIR)/Carthage/Build/iOS",
				);
				INFOPLIST_FILE = DropEvent/Info.plist;
				IPHONEOS_DEPLOYMENT_TARGET = 9.0;
				LD_RUNPATH_SEARCH_PATHS = "$(inherited) @executable_path/Frameworks";
				PRODUCT_BUNDLE_IDENTIFIER = com.samuraicode.DropEvent;
				PRODUCT_NAME = "$(TARGET_NAME)";
			};
			name = Release;
		};
		3F94B73B1C1A9B0C00A99677 /* Debug */ = {
			isa = XCBuildConfiguration;
			buildSettings = {
				BUNDLE_LOADER = "$(TEST_HOST)";
				INFOPLIST_FILE = DropEventTests/Info.plist;
				LD_RUNPATH_SEARCH_PATHS = "$(inherited) @executable_path/Frameworks @loader_path/Frameworks";
				PRODUCT_BUNDLE_IDENTIFIER = com.samuraicode.DropEventTests;
				PRODUCT_NAME = "$(TARGET_NAME)";
				TEST_HOST = "$(BUILT_PRODUCTS_DIR)/DropEvent.app/DropEvent";
			};
			name = Debug;
		};
		3F94B73C1C1A9B0C00A99677 /* Release */ = {
			isa = XCBuildConfiguration;
			buildSettings = {
				BUNDLE_LOADER = "$(TEST_HOST)";
				INFOPLIST_FILE = DropEventTests/Info.plist;
				LD_RUNPATH_SEARCH_PATHS = "$(inherited) @executable_path/Frameworks @loader_path/Frameworks";
				PRODUCT_BUNDLE_IDENTIFIER = com.samuraicode.DropEventTests;
				PRODUCT_NAME = "$(TARGET_NAME)";
				TEST_HOST = "$(BUILT_PRODUCTS_DIR)/DropEvent.app/DropEvent";
			};
			name = Release;
		};
		3F94B73E1C1A9B0C00A99677 /* Debug */ = {
			isa = XCBuildConfiguration;
			buildSettings = {
				INFOPLIST_FILE = DropEventUITests/Info.plist;
				LD_RUNPATH_SEARCH_PATHS = "$(inherited) @executable_path/Frameworks @loader_path/Frameworks";
				PRODUCT_BUNDLE_IDENTIFIER = com.samuraicode.DropEventUITests;
				PRODUCT_NAME = "$(TARGET_NAME)";
				TEST_TARGET_NAME = DropEvent;
				USES_XCTRUNNER = YES;
			};
			name = Debug;
		};
		3F94B73F1C1A9B0C00A99677 /* Release */ = {
			isa = XCBuildConfiguration;
			buildSettings = {
				INFOPLIST_FILE = DropEventUITests/Info.plist;
				LD_RUNPATH_SEARCH_PATHS = "$(inherited) @executable_path/Frameworks @loader_path/Frameworks";
				PRODUCT_BUNDLE_IDENTIFIER = com.samuraicode.DropEventUITests;
				PRODUCT_NAME = "$(TARGET_NAME)";
				TEST_TARGET_NAME = DropEvent;
				USES_XCTRUNNER = YES;
			};
			name = Release;
		};
/* End XCBuildConfiguration section */

/* Begin XCConfigurationList section */
		3F94B70A1C1A9B0C00A99677 /* Build configuration list for PBXProject "DropEvent" */ = {
			isa = XCConfigurationList;
			buildConfigurations = (
				3F94B7351C1A9B0C00A99677 /* Debug */,
				3F94B7361C1A9B0C00A99677 /* Release */,
			);
			defaultConfigurationIsVisible = 0;
			defaultConfigurationName = Release;
		};
		3F94B7371C1A9B0C00A99677 /* Build configuration list for PBXNativeTarget "DropEvent" */ = {
			isa = XCConfigurationList;
			buildConfigurations = (
				3F94B7381C1A9B0C00A99677 /* Debug */,
				3F94B7391C1A9B0C00A99677 /* Release */,
			);
			defaultConfigurationIsVisible = 0;
			defaultConfigurationName = Release;
		};
		3F94B73A1C1A9B0C00A99677 /* Build configuration list for PBXNativeTarget "DropEventTests" */ = {
			isa = XCConfigurationList;
			buildConfigurations = (
				3F94B73B1C1A9B0C00A99677 /* Debug */,
				3F94B73C1C1A9B0C00A99677 /* Release */,
			);
			defaultConfigurationIsVisible = 0;
			defaultConfigurationName = Release;
		};
		3F94B73D1C1A9B0C00A99677 /* Build configuration list for PBXNativeTarget "DropEventUITests" */ = {
			isa = XCConfigurationList;
			buildConfigurations = (
				3F94B73E1C1A9B0C00A99677 /* Debug */,
				3F94B73F1C1A9B0C00A99677 /* Release */,
			);
			defaultConfigurationIsVisible = 0;
			defaultConfigurationName = Release;
		};
/* End XCConfigurationList section */

/* Begin XCVersionGroup section */
		88FFFCDD1C4F36EC00515B90 /* DropEventModel.xcdatamodeld */ = {
			isa = XCVersionGroup;
			children = (
				88FFFCDE1C4F36EC00515B90 /* DropEventModel.xcdatamodel */,
			);
			currentVersion = 88FFFCDE1C4F36EC00515B90 /* DropEventModel.xcdatamodel */;
			path = DropEventModel.xcdatamodeld;
			sourceTree = "<group>";
			versionGroupType = wrapper.xcdatamodel;
		};
/* End XCVersionGroup section */
	};
	rootObject = 3F94B7071C1A9B0C00A99677 /* Project object */;
}
